// !$*UTF8*$!
{
	archiveVersion = 1;
	classes = {
	};
	objectVersion = 48;
	objects = {

/* Begin PBXBuildFile section */
		2BBF412020170D36003A636C /* AppDelegate.swift in Sources */ = {isa = PBXBuildFile; fileRef = 2BBF411F20170D36003A636C /* AppDelegate.swift */; };
		2BBF412220170D36003A636C /* ViewController.swift in Sources */ = {isa = PBXBuildFile; fileRef = 2BBF412120170D36003A636C /* ViewController.swift */; };
		2BBF412520170D36003A636C /* Main.storyboard in Resources */ = {isa = PBXBuildFile; fileRef = 2BBF412320170D36003A636C /* Main.storyboard */; };
		2BBF412720170D36003A636C /* Assets.xcassets in Resources */ = {isa = PBXBuildFile; fileRef = 2BBF412620170D36003A636C /* Assets.xcassets */; };
		2BBF412A20170D36003A636C /* LaunchScreen.storyboard in Resources */ = {isa = PBXBuildFile; fileRef = 2BBF412820170D36003A636C /* LaunchScreen.storyboard */; };
		2BF1161D20172B2000D8A02B /* Mapped.swift in Sources */ = {isa = PBXBuildFile; fileRef = 2BF1161C20172B2000D8A02B /* Mapped.swift */; };
		2BF116232018440A00D8A02B /* AirTasks.xcdatamodeld in Sources */ = {isa = PBXBuildFile; fileRef = 2BF116212018440A00D8A02B /* AirTasks.xcdatamodeld */; };
		2BF116252019805500D8A02B /* JSONMapper.swift in Sources */ = {isa = PBXBuildFile; fileRef = 2BF116242019805500D8A02B /* JSONMapper.swift */; };
		2BF1162A2019923700D8A02B /* LocationMapper.swift in Sources */ = {isa = PBXBuildFile; fileRef = 2BF116292019923700D8A02B /* LocationMapper.swift */; };
		2BF1162F20199FA300D8A02B /* Location+CoreDataClass.swift in Sources */ = {isa = PBXBuildFile; fileRef = 2BF1162D20199FA300D8A02B /* Location+CoreDataClass.swift */; };
		2BF1163020199FA300D8A02B /* Location+CoreDataProperties.swift in Sources */ = {isa = PBXBuildFile; fileRef = 2BF1162E20199FA300D8A02B /* Location+CoreDataProperties.swift */; };
		2BF116332019A02400D8A02B /* Localle+CoreDataClass.swift in Sources */ = {isa = PBXBuildFile; fileRef = 2BF116312019A02400D8A02B /* Localle+CoreDataClass.swift */; };
		2BF116342019A02400D8A02B /* Localle+CoreDataProperties.swift in Sources */ = {isa = PBXBuildFile; fileRef = 2BF116322019A02400D8A02B /* Localle+CoreDataProperties.swift */; };
		2BF116392019BC7D00D8A02B /* PersistenceManager.swift in Sources */ = {isa = PBXBuildFile; fileRef = 2BF116382019BC7D00D8A02B /* PersistenceManager.swift */; };
		2BF1163C2019C0EA00D8A02B /* Profile+CoreDataClass.swift in Sources */ = {isa = PBXBuildFile; fileRef = 2BF1163A2019C0EA00D8A02B /* Profile+CoreDataClass.swift */; };
		2BF1163D2019C0EA00D8A02B /* Profile+CoreDataProperties.swift in Sources */ = {isa = PBXBuildFile; fileRef = 2BF1163B2019C0EA00D8A02B /* Profile+CoreDataProperties.swift */; };
		2BF116402019C10200D8A02B /* Task+CoreDataClass.swift in Sources */ = {isa = PBXBuildFile; fileRef = 2BF1163E2019C10200D8A02B /* Task+CoreDataClass.swift */; };
		2BF116412019C10200D8A02B /* Task+CoreDataProperties.swift in Sources */ = {isa = PBXBuildFile; fileRef = 2BF1163F2019C10200D8A02B /* Task+CoreDataProperties.swift */; };
		2BF116442019C11D00D8A02B /* Worker+CoreDataClass.swift in Sources */ = {isa = PBXBuildFile; fileRef = 2BF116422019C11D00D8A02B /* Worker+CoreDataClass.swift */; };
		2BF116452019C11D00D8A02B /* Worker+CoreDataProperties.swift in Sources */ = {isa = PBXBuildFile; fileRef = 2BF116432019C11D00D8A02B /* Worker+CoreDataProperties.swift */; };
		2BF116482019C1F100D8A02B /* Activity+CoreDataClass.swift in Sources */ = {isa = PBXBuildFile; fileRef = 2BF116462019C1F100D8A02B /* Activity+CoreDataClass.swift */; };
		2BF116492019C1F100D8A02B /* Activity+CoreDataProperties.swift in Sources */ = {isa = PBXBuildFile; fileRef = 2BF116472019C1F100D8A02B /* Activity+CoreDataProperties.swift */; };
		2BF116612019F0E300D8A02B /* LocationTests.swift in Sources */ = {isa = PBXBuildFile; fileRef = 2BF116602019F0E300D8A02B /* LocationTests.swift */; };
		2BF11665201B0F5B00D8A02B /* Nimble.framework in Frameworks */ = {isa = PBXBuildFile; fileRef = 2BF11664201B0F5B00D8A02B /* Nimble.framework */; };
		2BF11667201B0F6600D8A02B /* Quick.framework in Frameworks */ = {isa = PBXBuildFile; fileRef = 2BF11666201B0F6600D8A02B /* Quick.framework */; };
		2BF11668201B0F7E00D8A02B /* Quick.framework in CopyFiles */ = {isa = PBXBuildFile; fileRef = 2BF11666201B0F6600D8A02B /* Quick.framework */; settings = {ATTRIBUTES = (CodeSignOnCopy, RemoveHeadersOnCopy, ); }; };
		2BF11669201B0F8500D8A02B /* Nimble.framework in CopyFiles */ = {isa = PBXBuildFile; fileRef = 2BF11664201B0F5B00D8A02B /* Nimble.framework */; settings = {ATTRIBUTES = (CodeSignOnCopy, RemoveHeadersOnCopy, ); }; };
		2BF1166D201B153F00D8A02B /* locations.json in Resources */ = {isa = PBXBuildFile; fileRef = 2BF1166B201B153E00D8A02B /* locations.json */; };
		2BF1166E201B153F00D8A02B /* location5.json in Resources */ = {isa = PBXBuildFile; fileRef = 2BF1166C201B153E00D8A02B /* location5.json */; };
		2BF11671201B203000D8A02B /* TestSuiteHelpers.swift in Sources */ = {isa = PBXBuildFile; fileRef = 2BF11670201B203000D8A02B /* TestSuiteHelpers.swift */; };
		2BF11672201B35E100D8A02B /* AirTasks.xcdatamodeld in Sources */ = {isa = PBXBuildFile; fileRef = 2BF116212018440A00D8A02B /* AirTasks.xcdatamodeld */; };
		2BF11673201B38E300D8A02B /* AirTasks.xcdatamodeld in Resources */ = {isa = PBXBuildFile; fileRef = 2BF116212018440A00D8A02B /* AirTasks.xcdatamodeld */; };
		2BF11675201C504A00D8A02B /* PersistanceHelper.swift in Sources */ = {isa = PBXBuildFile; fileRef = 2BF11674201C504A00D8A02B /* PersistanceHelper.swift */; };
		2BF11677201C5C8500D8A02B /* Stored.swift in Sources */ = {isa = PBXBuildFile; fileRef = 2BF11676201C5C8500D8A02B /* Stored.swift */; };
/* End PBXBuildFile section */

/* Begin PBXContainerItemProxy section */
		2BBF413120170D37003A636C /* PBXContainerItemProxy */ = {
			isa = PBXContainerItemProxy;
			containerPortal = 2BBF411420170D36003A636C /* Project object */;
			proxyType = 1;
			remoteGlobalIDString = 2BBF411B20170D36003A636C;
			remoteInfo = AirTasker;
		};
/* End PBXContainerItemProxy section */

/* Begin PBXCopyFilesBuildPhase section */
		2BF116502019E2B000D8A02B /* CopyFiles */ = {
			isa = PBXCopyFilesBuildPhase;
			buildActionMask = 2147483647;
			dstPath = "";
			dstSubfolderSpec = 10;
			files = (
				2BF11669201B0F8500D8A02B /* Nimble.framework in CopyFiles */,
				2BF11668201B0F7E00D8A02B /* Quick.framework in CopyFiles */,
			);
			runOnlyForDeploymentPostprocessing = 0;
		};
/* End PBXCopyFilesBuildPhase section */

/* Begin PBXFileReference section */
		2BBF411C20170D36003A636C /* AirTasker.app */ = {isa = PBXFileReference; explicitFileType = wrapper.application; includeInIndex = 0; path = AirTasker.app; sourceTree = BUILT_PRODUCTS_DIR; };
		2BBF411F20170D36003A636C /* AppDelegate.swift */ = {isa = PBXFileReference; lastKnownFileType = sourcecode.swift; path = AppDelegate.swift; sourceTree = "<group>"; };
		2BBF412120170D36003A636C /* ViewController.swift */ = {isa = PBXFileReference; lastKnownFileType = sourcecode.swift; path = ViewController.swift; sourceTree = "<group>"; };
		2BBF412420170D36003A636C /* Base */ = {isa = PBXFileReference; lastKnownFileType = file.storyboard; name = Base; path = Base.lproj/Main.storyboard; sourceTree = "<group>"; };
		2BBF412620170D36003A636C /* Assets.xcassets */ = {isa = PBXFileReference; lastKnownFileType = folder.assetcatalog; path = Assets.xcassets; sourceTree = "<group>"; };
		2BBF412920170D36003A636C /* Base */ = {isa = PBXFileReference; lastKnownFileType = file.storyboard; name = Base; path = Base.lproj/LaunchScreen.storyboard; sourceTree = "<group>"; };
		2BBF412B20170D36003A636C /* Info.plist */ = {isa = PBXFileReference; lastKnownFileType = text.plist.xml; path = Info.plist; sourceTree = "<group>"; };
		2BBF413020170D37003A636C /* AirTaskerTests.xctest */ = {isa = PBXFileReference; explicitFileType = wrapper.cfbundle; includeInIndex = 0; path = AirTaskerTests.xctest; sourceTree = BUILT_PRODUCTS_DIR; };
		2BBF413620170D37003A636C /* Info.plist */ = {isa = PBXFileReference; lastKnownFileType = text.plist.xml; path = Info.plist; sourceTree = "<group>"; };
		2BF1161C20172B2000D8A02B /* Mapped.swift */ = {isa = PBXFileReference; fileEncoding = 4; lastKnownFileType = sourcecode.swift; path = Mapped.swift; sourceTree = "<group>"; };
		2BF116222018440A00D8A02B /* AirTasks.xcdatamodel */ = {isa = PBXFileReference; lastKnownFileType = wrapper.xcdatamodel; path = AirTasks.xcdatamodel; sourceTree = "<group>"; };
		2BF116242019805500D8A02B /* JSONMapper.swift */ = {isa = PBXFileReference; lastKnownFileType = sourcecode.swift; path = JSONMapper.swift; sourceTree = "<group>"; };
		2BF116292019923700D8A02B /* LocationMapper.swift */ = {isa = PBXFileReference; lastKnownFileType = sourcecode.swift; path = LocationMapper.swift; sourceTree = "<group>"; };
		2BF1162D20199FA300D8A02B /* Location+CoreDataClass.swift */ = {isa = PBXFileReference; lastKnownFileType = sourcecode.swift; path = "Location+CoreDataClass.swift"; sourceTree = "<group>"; };
		2BF1162E20199FA300D8A02B /* Location+CoreDataProperties.swift */ = {isa = PBXFileReference; lastKnownFileType = sourcecode.swift; path = "Location+CoreDataProperties.swift"; sourceTree = "<group>"; };
		2BF116312019A02400D8A02B /* Localle+CoreDataClass.swift */ = {isa = PBXFileReference; lastKnownFileType = sourcecode.swift; path = "Localle+CoreDataClass.swift"; sourceTree = "<group>"; };
		2BF116322019A02400D8A02B /* Localle+CoreDataProperties.swift */ = {isa = PBXFileReference; lastKnownFileType = sourcecode.swift; path = "Localle+CoreDataProperties.swift"; sourceTree = "<group>"; };
		2BF116382019BC7D00D8A02B /* PersistenceManager.swift */ = {isa = PBXFileReference; lastKnownFileType = sourcecode.swift; path = PersistenceManager.swift; sourceTree = "<group>"; };
		2BF1163A2019C0EA00D8A02B /* Profile+CoreDataClass.swift */ = {isa = PBXFileReference; lastKnownFileType = sourcecode.swift; path = "Profile+CoreDataClass.swift"; sourceTree = "<group>"; };
		2BF1163B2019C0EA00D8A02B /* Profile+CoreDataProperties.swift */ = {isa = PBXFileReference; lastKnownFileType = sourcecode.swift; path = "Profile+CoreDataProperties.swift"; sourceTree = "<group>"; };
		2BF1163E2019C10200D8A02B /* Task+CoreDataClass.swift */ = {isa = PBXFileReference; lastKnownFileType = sourcecode.swift; path = "Task+CoreDataClass.swift"; sourceTree = "<group>"; };
		2BF1163F2019C10200D8A02B /* Task+CoreDataProperties.swift */ = {isa = PBXFileReference; lastKnownFileType = sourcecode.swift; path = "Task+CoreDataProperties.swift"; sourceTree = "<group>"; };
		2BF116422019C11D00D8A02B /* Worker+CoreDataClass.swift */ = {isa = PBXFileReference; lastKnownFileType = sourcecode.swift; path = "Worker+CoreDataClass.swift"; sourceTree = "<group>"; };
		2BF116432019C11D00D8A02B /* Worker+CoreDataProperties.swift */ = {isa = PBXFileReference; lastKnownFileType = sourcecode.swift; path = "Worker+CoreDataProperties.swift"; sourceTree = "<group>"; };
		2BF116462019C1F100D8A02B /* Activity+CoreDataClass.swift */ = {isa = PBXFileReference; lastKnownFileType = sourcecode.swift; path = "Activity+CoreDataClass.swift"; sourceTree = "<group>"; };
		2BF116472019C1F100D8A02B /* Activity+CoreDataProperties.swift */ = {isa = PBXFileReference; lastKnownFileType = sourcecode.swift; path = "Activity+CoreDataProperties.swift"; sourceTree = "<group>"; };
		2BF116602019F0E300D8A02B /* LocationTests.swift */ = {isa = PBXFileReference; lastKnownFileType = sourcecode.swift; path = LocationTests.swift; sourceTree = "<group>"; };
		2BF11664201B0F5B00D8A02B /* Nimble.framework */ = {isa = PBXFileReference; lastKnownFileType = wrapper.framework; name = Nimble.framework; path = Carthage/Carthage/Build/iOS/Nimble.framework; sourceTree = "<group>"; };
		2BF11666201B0F6600D8A02B /* Quick.framework */ = {isa = PBXFileReference; lastKnownFileType = wrapper.framework; name = Quick.framework; path = Carthage/Carthage/Build/iOS/Quick.framework; sourceTree = "<group>"; };
		2BF1166B201B153E00D8A02B /* locations.json */ = {isa = PBXFileReference; fileEncoding = 4; lastKnownFileType = text.json; path = locations.json; sourceTree = "<group>"; };
		2BF1166C201B153E00D8A02B /* location5.json */ = {isa = PBXFileReference; fileEncoding = 4; lastKnownFileType = text.json; path = location5.json; sourceTree = "<group>"; };
		2BF11670201B203000D8A02B /* TestSuiteHelpers.swift */ = {isa = PBXFileReference; lastKnownFileType = sourcecode.swift; path = TestSuiteHelpers.swift; sourceTree = "<group>"; };
		2BF11674201C504A00D8A02B /* PersistanceHelper.swift */ = {isa = PBXFileReference; lastKnownFileType = sourcecode.swift; path = PersistanceHelper.swift; sourceTree = "<group>"; };
		2BF11676201C5C8500D8A02B /* Stored.swift */ = {isa = PBXFileReference; lastKnownFileType = sourcecode.swift; path = Stored.swift; sourceTree = "<group>"; };
/* End PBXFileReference section */

/* Begin PBXFrameworksBuildPhase section */
		2BBF411920170D36003A636C /* Frameworks */ = {
			isa = PBXFrameworksBuildPhase;
			buildActionMask = 2147483647;
			files = (
			);
			runOnlyForDeploymentPostprocessing = 0;
		};
		2BBF412D20170D36003A636C /* Frameworks */ = {
			isa = PBXFrameworksBuildPhase;
			buildActionMask = 2147483647;
			files = (
				2BF11667201B0F6600D8A02B /* Quick.framework in Frameworks */,
				2BF11665201B0F5B00D8A02B /* Nimble.framework in Frameworks */,
			);
			runOnlyForDeploymentPostprocessing = 0;
		};
/* End PBXFrameworksBuildPhase section */

/* Begin PBXGroup section */
		2BBF411320170D36003A636C = {
			isa = PBXGroup;
			children = (
				2BF1164A2019C21600D8A02B /* DB */,
				2BF116352019BAAB00D8A02B /* Persistance */,
				2BF1162820198E6D00D8A02B /* Worker */,
				2BF1162720198E5800D8A02B /* Localle */,
				2BF1162620198E4200D8A02B /* Activity */,
				2BF11620201836B000D8A02B /* Profile */,
				2BF1161F2018366400D8A02B /* Task */,
				2BF1161E201835E700D8A02B /* Location */,
				2BF1161920171E2000D8A02B /* Parser */,
				2BBF411E20170D36003A636C /* AirTasker */,
				2BBF413320170D37003A636C /* AirTaskerTests */,
				2BBF411D20170D36003A636C /* Products */,
				2BF1164B2019E24400D8A02B /* Frameworks */,
			);
			sourceTree = "<group>";
		};
		2BBF411D20170D36003A636C /* Products */ = {
			isa = PBXGroup;
			children = (
				2BBF411C20170D36003A636C /* AirTasker.app */,
				2BBF413020170D37003A636C /* AirTaskerTests.xctest */,
			);
			name = Products;
			sourceTree = "<group>";
		};
		2BBF411E20170D36003A636C /* AirTasker */ = {
			isa = PBXGroup;
			children = (
				2BBF411F20170D36003A636C /* AppDelegate.swift */,
				2BBF412120170D36003A636C /* ViewController.swift */,
				2BBF412320170D36003A636C /* Main.storyboard */,
				2BBF412620170D36003A636C /* Assets.xcassets */,
				2BBF412820170D36003A636C /* LaunchScreen.storyboard */,
				2BBF412B20170D36003A636C /* Info.plist */,
			);
			path = AirTasker;
			sourceTree = "<group>";
		};
		2BBF413320170D37003A636C /* AirTaskerTests */ = {
			isa = PBXGroup;
			children = (
				2BF11670201B203000D8A02B /* TestSuiteHelpers.swift */,
				2BF1166A201B151B00D8A02B /* TestAssets */,
				2BF1165B2019ECD400D8A02B /* Location */,
				2BBF413620170D37003A636C /* Info.plist */,
			);
			path = AirTaskerTests;
			sourceTree = "<group>";
		};
		2BF1161920171E2000D8A02B /* Parser */ = {
			isa = PBXGroup;
			children = (
				2BF1161C20172B2000D8A02B /* Mapped.swift */,
				2BF116242019805500D8A02B /* JSONMapper.swift */,
			);
			path = Parser;
			sourceTree = "<group>";
		};
		2BF1161E201835E700D8A02B /* Location */ = {
			isa = PBXGroup;
			children = (
				2BF1162D20199FA300D8A02B /* Location+CoreDataClass.swift */,
				2BF1162E20199FA300D8A02B /* Location+CoreDataProperties.swift */,
				2BF116292019923700D8A02B /* LocationMapper.swift */,
			);
			path = Location;
			sourceTree = "<group>";
		};
		2BF1161F2018366400D8A02B /* Task */ = {
			isa = PBXGroup;
			children = (
				2BF1163E2019C10200D8A02B /* Task+CoreDataClass.swift */,
				2BF1163F2019C10200D8A02B /* Task+CoreDataProperties.swift */,
			);
			path = Task;
			sourceTree = "<group>";
		};
		2BF11620201836B000D8A02B /* Profile */ = {
			isa = PBXGroup;
			children = (
				2BF1163A2019C0EA00D8A02B /* Profile+CoreDataClass.swift */,
				2BF1163B2019C0EA00D8A02B /* Profile+CoreDataProperties.swift */,
			);
			path = Profile;
			sourceTree = "<group>";
		};
		2BF1162620198E4200D8A02B /* Activity */ = {
			isa = PBXGroup;
			children = (
				2BF116462019C1F100D8A02B /* Activity+CoreDataClass.swift */,
				2BF116472019C1F100D8A02B /* Activity+CoreDataProperties.swift */,
			);
			path = Activity;
			sourceTree = "<group>";
		};
		2BF1162720198E5800D8A02B /* Localle */ = {
			isa = PBXGroup;
			children = (
				2BF116312019A02400D8A02B /* Localle+CoreDataClass.swift */,
				2BF116322019A02400D8A02B /* Localle+CoreDataProperties.swift */,
			);
			path = Localle;
			sourceTree = "<group>";
		};
		2BF1162820198E6D00D8A02B /* Worker */ = {
			isa = PBXGroup;
			children = (
				2BF116422019C11D00D8A02B /* Worker+CoreDataClass.swift */,
				2BF116432019C11D00D8A02B /* Worker+CoreDataProperties.swift */,
			);
			path = Worker;
			sourceTree = "<group>";
		};
		2BF116352019BAAB00D8A02B /* Persistance */ = {
			isa = PBXGroup;
			children = (
				2BF116382019BC7D00D8A02B /* PersistenceManager.swift */,
				2BF11674201C504A00D8A02B /* PersistanceHelper.swift */,
				2BF11676201C5C8500D8A02B /* Stored.swift */,
			);
			path = Persistance;
			sourceTree = "<group>";
		};
		2BF1164A2019C21600D8A02B /* DB */ = {
			isa = PBXGroup;
			children = (
				2BF116212018440A00D8A02B /* AirTasks.xcdatamodeld */,
			);
			path = DB;
			sourceTree = "<group>";
		};
		2BF1164B2019E24400D8A02B /* Frameworks */ = {
			isa = PBXGroup;
			children = (
				2BF11666201B0F6600D8A02B /* Quick.framework */,
				2BF11664201B0F5B00D8A02B /* Nimble.framework */,
			);
			name = Frameworks;
			sourceTree = "<group>";
		};
		2BF1165B2019ECD400D8A02B /* Location */ = {
			isa = PBXGroup;
			children = (
				2BF116602019F0E300D8A02B /* LocationTests.swift */,
			);
			path = Location;
			sourceTree = "<group>";
		};
		2BF1166A201B151B00D8A02B /* TestAssets */ = {
			isa = PBXGroup;
			children = (
				2BF1166C201B153E00D8A02B /* location5.json */,
				2BF1166B201B153E00D8A02B /* locations.json */,
			);
			path = TestAssets;
			sourceTree = "<group>";
		};
/* End PBXGroup section */

/* Begin PBXNativeTarget section */
		2BBF411B20170D36003A636C /* AirTasker */ = {
			isa = PBXNativeTarget;
			buildConfigurationList = 2BBF414420170D37003A636C /* Build configuration list for PBXNativeTarget "AirTasker" */;
			buildPhases = (
				2BBF411820170D36003A636C /* Sources */,
				2BBF411920170D36003A636C /* Frameworks */,
				2BBF411A20170D36003A636C /* Resources */,
			);
			buildRules = (
			);
			dependencies = (
			);
			name = AirTasker;
			productName = AirTasker;
			productReference = 2BBF411C20170D36003A636C /* AirTasker.app */;
			productType = "com.apple.product-type.application";
		};
		2BBF412F20170D36003A636C /* AirTaskerTests */ = {
			isa = PBXNativeTarget;
			buildConfigurationList = 2BBF414720170D37003A636C /* Build configuration list for PBXNativeTarget "AirTaskerTests" */;
			buildPhases = (
				2BBF412C20170D36003A636C /* Sources */,
				2BBF412D20170D36003A636C /* Frameworks */,
				2BBF412E20170D36003A636C /* Resources */,
				2BF116502019E2B000D8A02B /* CopyFiles */,
			);
			buildRules = (
			);
			dependencies = (
				2BBF413220170D37003A636C /* PBXTargetDependency */,
			);
			name = AirTaskerTests;
			productName = AirTaskerTests;
			productReference = 2BBF413020170D37003A636C /* AirTaskerTests.xctest */;
			productType = "com.apple.product-type.bundle.unit-test";
		};
/* End PBXNativeTarget section */

/* Begin PBXProject section */
		2BBF411420170D36003A636C /* Project object */ = {
			isa = PBXProject;
			attributes = {
				LastSwiftUpdateCheck = 0920;
				LastUpgradeCheck = 0920;
				ORGANIZATIONNAME = "BITE-Software";
				TargetAttributes = {
					2BBF411B20170D36003A636C = {
						CreatedOnToolsVersion = 9.2;
						ProvisioningStyle = Automatic;
					};
					2BBF412F20170D36003A636C = {
						CreatedOnToolsVersion = 9.2;
						LastSwiftMigration = 0920;
						ProvisioningStyle = Automatic;
						TestTargetID = 2BBF411B20170D36003A636C;
					};
				};
			};
			buildConfigurationList = 2BBF411720170D36003A636C /* Build configuration list for PBXProject "AirTasker" */;
			compatibilityVersion = "Xcode 8.0";
			developmentRegion = en;
			hasScannedForEncodings = 0;
			knownRegions = (
				en,
				Base,
			);
			mainGroup = 2BBF411320170D36003A636C;
			productRefGroup = 2BBF411D20170D36003A636C /* Products */;
			projectDirPath = "";
			projectRoot = "";
			targets = (
				2BBF411B20170D36003A636C /* AirTasker */,
				2BBF412F20170D36003A636C /* AirTaskerTests */,
			);
		};
/* End PBXProject section */

/* Begin PBXResourcesBuildPhase section */
		2BBF411A20170D36003A636C /* Resources */ = {
			isa = PBXResourcesBuildPhase;
			buildActionMask = 2147483647;
			files = (
				2BBF412A20170D36003A636C /* LaunchScreen.storyboard in Resources */,
				2BBF412720170D36003A636C /* Assets.xcassets in Resources */,
				2BBF412520170D36003A636C /* Main.storyboard in Resources */,
			);
			runOnlyForDeploymentPostprocessing = 0;
		};
		2BBF412E20170D36003A636C /* Resources */ = {
			isa = PBXResourcesBuildPhase;
			buildActionMask = 2147483647;
			files = (
				2BF11673201B38E300D8A02B /* AirTasks.xcdatamodeld in Resources */,
				2BF1166E201B153F00D8A02B /* location5.json in Resources */,
				2BF1166D201B153F00D8A02B /* locations.json in Resources */,
			);
			runOnlyForDeploymentPostprocessing = 0;
		};
/* End PBXResourcesBuildPhase section */

/* Begin PBXSourcesBuildPhase section */
		2BBF411820170D36003A636C /* Sources */ = {
			isa = PBXSourcesBuildPhase;
			buildActionMask = 2147483647;
			files = (
				2BBF412220170D36003A636C /* ViewController.swift in Sources */,
				2BF116402019C10200D8A02B /* Task+CoreDataClass.swift in Sources */,
				2BF1163C2019C0EA00D8A02B /* Profile+CoreDataClass.swift in Sources */,
				2BF1162A2019923700D8A02B /* LocationMapper.swift in Sources */,
				2BF116252019805500D8A02B /* JSONMapper.swift in Sources */,
				2BF116392019BC7D00D8A02B /* PersistenceManager.swift in Sources */,
				2BF11677201C5C8500D8A02B /* Stored.swift in Sources */,
				2BF116412019C10200D8A02B /* Task+CoreDataProperties.swift in Sources */,
				2BF116342019A02400D8A02B /* Localle+CoreDataProperties.swift in Sources */,
				2BF116452019C11D00D8A02B /* Worker+CoreDataProperties.swift in Sources */,
				2BF1162F20199FA300D8A02B /* Location+CoreDataClass.swift in Sources */,
				2BF1163020199FA300D8A02B /* Location+CoreDataProperties.swift in Sources */,
				2BF116492019C1F100D8A02B /* Activity+CoreDataProperties.swift in Sources */,
				2BBF412020170D36003A636C /* AppDelegate.swift in Sources */,
				2BF116442019C11D00D8A02B /* Worker+CoreDataClass.swift in Sources */,
				2BF1161D20172B2000D8A02B /* Mapped.swift in Sources */,
				2BF116332019A02400D8A02B /* Localle+CoreDataClass.swift in Sources */,
				2BF1163D2019C0EA00D8A02B /* Profile+CoreDataProperties.swift in Sources */,
				2BF116232018440A00D8A02B /* AirTasks.xcdatamodeld in Sources */,
				2BF116482019C1F100D8A02B /* Activity+CoreDataClass.swift in Sources */,
				2BF11675201C504A00D8A02B /* PersistanceHelper.swift in Sources */,
			);
			runOnlyForDeploymentPostprocessing = 0;
		};
		2BBF412C20170D36003A636C /* Sources */ = {
			isa = PBXSourcesBuildPhase;
			buildActionMask = 2147483647;
			files = (
				2BF11671201B203000D8A02B /* TestSuiteHelpers.swift in Sources */,
				2BF116612019F0E300D8A02B /* LocationTests.swift in Sources */,
				2BF11672201B35E100D8A02B /* AirTasks.xcdatamodeld in Sources */,
			);
			runOnlyForDeploymentPostprocessing = 0;
		};
/* End PBXSourcesBuildPhase section */

/* Begin PBXTargetDependency section */
		2BBF413220170D37003A636C /* PBXTargetDependency */ = {
			isa = PBXTargetDependency;
			target = 2BBF411B20170D36003A636C /* AirTasker */;
			targetProxy = 2BBF413120170D37003A636C /* PBXContainerItemProxy */;
		};
/* End PBXTargetDependency section */

/* Begin PBXVariantGroup section */
		2BBF412320170D36003A636C /* Main.storyboard */ = {
			isa = PBXVariantGroup;
			children = (
				2BBF412420170D36003A636C /* Base */,
			);
			name = Main.storyboard;
			sourceTree = "<group>";
		};
		2BBF412820170D36003A636C /* LaunchScreen.storyboard */ = {
			isa = PBXVariantGroup;
			children = (
				2BBF412920170D36003A636C /* Base */,
			);
			name = LaunchScreen.storyboard;
			sourceTree = "<group>";
		};
/* End PBXVariantGroup section */

/* Begin XCBuildConfiguration section */
		2BBF414220170D37003A636C /* Debug */ = {
			isa = XCBuildConfiguration;
			buildSettings = {
				ALWAYS_SEARCH_USER_PATHS = NO;
				CLANG_ANALYZER_NONNULL = YES;
				CLANG_ANALYZER_NUMBER_OBJECT_CONVERSION = YES_AGGRESSIVE;
				CLANG_CXX_LANGUAGE_STANDARD = "gnu++14";
				CLANG_CXX_LIBRARY = "libc++";
				CLANG_ENABLE_MODULES = YES;
				CLANG_ENABLE_OBJC_ARC = YES;
				CLANG_WARN_BLOCK_CAPTURE_AUTORELEASING = YES;
				CLANG_WARN_BOOL_CONVERSION = YES;
				CLANG_WARN_COMMA = YES;
				CLANG_WARN_CONSTANT_CONVERSION = YES;
				CLANG_WARN_DIRECT_OBJC_ISA_USAGE = YES_ERROR;
				CLANG_WARN_DOCUMENTATION_COMMENTS = YES;
				CLANG_WARN_EMPTY_BODY = YES;
				CLANG_WARN_ENUM_CONVERSION = YES;
				CLANG_WARN_INFINITE_RECURSION = YES;
				CLANG_WARN_INT_CONVERSION = YES;
				CLANG_WARN_NON_LITERAL_NULL_CONVERSION = YES;
				CLANG_WARN_OBJC_LITERAL_CONVERSION = YES;
				CLANG_WARN_OBJC_ROOT_CLASS = YES_ERROR;
				CLANG_WARN_RANGE_LOOP_ANALYSIS = YES;
				CLANG_WARN_STRICT_PROTOTYPES = YES;
				CLANG_WARN_SUSPICIOUS_MOVE = YES;
				CLANG_WARN_UNGUARDED_AVAILABILITY = YES_AGGRESSIVE;
				CLANG_WARN_UNREACHABLE_CODE = YES;
				CLANG_WARN__DUPLICATE_METHOD_MATCH = YES;
				CODE_SIGN_IDENTITY = "iPhone Developer";
				COPY_PHASE_STRIP = NO;
				DEBUG_INFORMATION_FORMAT = dwarf;
				ENABLE_STRICT_OBJC_MSGSEND = YES;
				ENABLE_TESTABILITY = YES;
				GCC_C_LANGUAGE_STANDARD = gnu11;
				GCC_DYNAMIC_NO_PIC = NO;
				GCC_NO_COMMON_BLOCKS = YES;
				GCC_OPTIMIZATION_LEVEL = 0;
				GCC_PREPROCESSOR_DEFINITIONS = (
					"DEBUG=1",
					"$(inherited)",
				);
				GCC_WARN_64_TO_32_BIT_CONVERSION = YES;
				GCC_WARN_ABOUT_RETURN_TYPE = YES_ERROR;
				GCC_WARN_UNDECLARED_SELECTOR = YES;
				GCC_WARN_UNINITIALIZED_AUTOS = YES_AGGRESSIVE;
				GCC_WARN_UNUSED_FUNCTION = YES;
				GCC_WARN_UNUSED_VARIABLE = YES;
				IPHONEOS_DEPLOYMENT_TARGET = 11.0;
				MTL_ENABLE_DEBUG_INFO = YES;
				ONLY_ACTIVE_ARCH = YES;
				SDKROOT = iphoneos11.2;
				SWIFT_ACTIVE_COMPILATION_CONDITIONS = DEBUG;
				SWIFT_OPTIMIZATION_LEVEL = "-Onone";
			};
			name = Debug;
		};
		2BBF414320170D37003A636C /* Release */ = {
			isa = XCBuildConfiguration;
			buildSettings = {
				ALWAYS_SEARCH_USER_PATHS = NO;
				CLANG_ANALYZER_NONNULL = YES;
				CLANG_ANALYZER_NUMBER_OBJECT_CONVERSION = YES_AGGRESSIVE;
				CLANG_CXX_LANGUAGE_STANDARD = "gnu++14";
				CLANG_CXX_LIBRARY = "libc++";
				CLANG_ENABLE_MODULES = YES;
				CLANG_ENABLE_OBJC_ARC = YES;
				CLANG_WARN_BLOCK_CAPTURE_AUTORELEASING = YES;
				CLANG_WARN_BOOL_CONVERSION = YES;
				CLANG_WARN_COMMA = YES;
				CLANG_WARN_CONSTANT_CONVERSION = YES;
				CLANG_WARN_DIRECT_OBJC_ISA_USAGE = YES_ERROR;
				CLANG_WARN_DOCUMENTATION_COMMENTS = YES;
				CLANG_WARN_EMPTY_BODY = YES;
				CLANG_WARN_ENUM_CONVERSION = YES;
				CLANG_WARN_INFINITE_RECURSION = YES;
				CLANG_WARN_INT_CONVERSION = YES;
				CLANG_WARN_NON_LITERAL_NULL_CONVERSION = YES;
				CLANG_WARN_OBJC_LITERAL_CONVERSION = YES;
				CLANG_WARN_OBJC_ROOT_CLASS = YES_ERROR;
				CLANG_WARN_RANGE_LOOP_ANALYSIS = YES;
				CLANG_WARN_STRICT_PROTOTYPES = YES;
				CLANG_WARN_SUSPICIOUS_MOVE = YES;
				CLANG_WARN_UNGUARDED_AVAILABILITY = YES_AGGRESSIVE;
				CLANG_WARN_UNREACHABLE_CODE = YES;
				CLANG_WARN__DUPLICATE_METHOD_MATCH = YES;
				CODE_SIGN_IDENTITY = "iPhone Developer";
				COPY_PHASE_STRIP = NO;
				DEBUG_INFORMATION_FORMAT = "dwarf-with-dsym";
				ENABLE_NS_ASSERTIONS = NO;
				ENABLE_STRICT_OBJC_MSGSEND = YES;
				GCC_C_LANGUAGE_STANDARD = gnu11;
				GCC_NO_COMMON_BLOCKS = YES;
				GCC_WARN_64_TO_32_BIT_CONVERSION = YES;
				GCC_WARN_ABOUT_RETURN_TYPE = YES_ERROR;
				GCC_WARN_UNDECLARED_SELECTOR = YES;
				GCC_WARN_UNINITIALIZED_AUTOS = YES_AGGRESSIVE;
				GCC_WARN_UNUSED_FUNCTION = YES;
				GCC_WARN_UNUSED_VARIABLE = YES;
				IPHONEOS_DEPLOYMENT_TARGET = 11.0;
				MTL_ENABLE_DEBUG_INFO = NO;
				SDKROOT = iphoneos11.2;
				SWIFT_OPTIMIZATION_LEVEL = "-Owholemodule";
				VALIDATE_PRODUCT = YES;
			};
			name = Release;
		};
		2BBF414520170D37003A636C /* Debug */ = {
			isa = XCBuildConfiguration;
			buildSettings = {
				ASSETCATALOG_COMPILER_APPICON_NAME = AppIcon;
				CODE_SIGN_STYLE = Automatic;
				DEVELOPMENT_TEAM = QBJML82M5H;
				INFOPLIST_FILE = AirTasker/Info.plist;
				LD_RUNPATH_SEARCH_PATHS = "$(inherited) @executable_path/Frameworks";
				PRODUCT_BUNDLE_IDENTIFIER = "com.bite-software.AirTasker";
				PRODUCT_NAME = "$(TARGET_NAME)";
				SWIFT_VERSION = 4.0;
				TARGETED_DEVICE_FAMILY = "1,2";
			};
			name = Debug;
		};
		2BBF414620170D37003A636C /* Release */ = {
			isa = XCBuildConfiguration;
			buildSettings = {
				ASSETCATALOG_COMPILER_APPICON_NAME = AppIcon;
				CODE_SIGN_STYLE = Automatic;
				DEVELOPMENT_TEAM = QBJML82M5H;
				INFOPLIST_FILE = AirTasker/Info.plist;
				LD_RUNPATH_SEARCH_PATHS = "$(inherited) @executable_path/Frameworks";
				PRODUCT_BUNDLE_IDENTIFIER = "com.bite-software.AirTasker";
				PRODUCT_NAME = "$(TARGET_NAME)";
				SWIFT_VERSION = 4.0;
				TARGETED_DEVICE_FAMILY = "1,2";
			};
			name = Release;
		};
		2BBF414820170D37003A636C /* Debug */ = {
			isa = XCBuildConfiguration;
			buildSettings = {
				ALWAYS_EMBED_SWIFT_STANDARD_LIBRARIES = YES;
				BUNDLE_LOADER = "$(TEST_HOST)";
				CLANG_ENABLE_MODULES = YES;
				CODE_SIGN_STYLE = Automatic;
				DEVELOPMENT_TEAM = QBJML82M5H;
				FRAMEWORK_SEARCH_PATHS = (
					"$(inherited)",
					"$(PROJECT_DIR)/Carthage/Carthage/Build/iOS",
				);
				INFOPLIST_FILE = AirTaskerTests/Info.plist;
				LD_RUNPATH_SEARCH_PATHS = "$(inherited) @executable_path/Frameworks @loader_path/Frameworks";
				PRODUCT_BUNDLE_IDENTIFIER = "com.bite-software.AirTaskerTests";
				PRODUCT_NAME = "$(TARGET_NAME)";
				SWIFT_OPTIMIZATION_LEVEL = "-Onone";
				SWIFT_VERSION = 4.0;
				TARGETED_DEVICE_FAMILY = "1,2";
				TEST_HOST = "$(BUILT_PRODUCTS_DIR)/AirTasker.app/AirTasker";
			};
			name = Debug;
		};
		2BBF414920170D37003A636C /* Release */ = {
			isa = XCBuildConfiguration;
			buildSettings = {
				ALWAYS_EMBED_SWIFT_STANDARD_LIBRARIES = YES;
				BUNDLE_LOADER = "$(TEST_HOST)";
				CLANG_ENABLE_MODULES = YES;
				CODE_SIGN_STYLE = Automatic;
				DEVELOPMENT_TEAM = QBJML82M5H;
				FRAMEWORK_SEARCH_PATHS = (
					"$(inherited)",
					"$(PROJECT_DIR)/Carthage/Carthage/Build/iOS",
				);
				INFOPLIST_FILE = AirTaskerTests/Info.plist;
				LD_RUNPATH_SEARCH_PATHS = "$(inherited) @executable_path/Frameworks @loader_path/Frameworks";
				PRODUCT_BUNDLE_IDENTIFIER = "com.bite-software.AirTaskerTests";
				PRODUCT_NAME = "$(TARGET_NAME)";
				SWIFT_VERSION = 4.0;
				TARGETED_DEVICE_FAMILY = "1,2";
				TEST_HOST = "$(BUILT_PRODUCTS_DIR)/AirTasker.app/AirTasker";
			};
			name = Release;
		};
/* End XCBuildConfiguration section */

/* Begin XCConfigurationList section */
		2BBF411720170D36003A636C /* Build configuration list for PBXProject "AirTasker" */ = {
			isa = XCConfigurationList;
			buildConfigurations = (
				2BBF414220170D37003A636C /* Debug */,
				2BBF414320170D37003A636C /* Release */,
			);
			defaultConfigurationIsVisible = 0;
			defaultConfigurationName = Release;
		};
		2BBF414420170D37003A636C /* Build configuration list for PBXNativeTarget "AirTasker" */ = {
			isa = XCConfigurationList;
			buildConfigurations = (
				2BBF414520170D37003A636C /* Debug */,
				2BBF414620170D37003A636C /* Release */,
			);
			defaultConfigurationIsVisible = 0;
			defaultConfigurationName = Release;
		};
		2BBF414720170D37003A636C /* Build configuration list for PBXNativeTarget "AirTaskerTests" */ = {
			isa = XCConfigurationList;
			buildConfigurations = (
				2BBF414820170D37003A636C /* Debug */,
				2BBF414920170D37003A636C /* Release */,
			);
			defaultConfigurationIsVisible = 0;
			defaultConfigurationName = Release;
		};
/* End XCConfigurationList section */

/* Begin XCVersionGroup section */
		2BF116212018440A00D8A02B /* AirTasks.xcdatamodeld */ = {
			isa = XCVersionGroup;
			children = (
				2BF116222018440A00D8A02B /* AirTasks.xcdatamodel */,
			);
			currentVersion = 2BF116222018440A00D8A02B /* AirTasks.xcdatamodel */;
			path = AirTasks.xcdatamodeld;
			sourceTree = "<group>";
			versionGroupType = wrapper.xcdatamodel;
		};
/* End XCVersionGroup section */
	};
	rootObject = 2BBF411420170D36003A636C /* Project object */;
}
